
Microsoft Visual Studio Solution File, Format Version 12.00
# Visual Studio Version 16
VisualStudioVersion = 16.0.29306.81
MinimumVisualStudioVersion = 10.0.40219.1
Project("{9A19103F-16F7-4668-BE54-9A1E7A4F7556}") = "WebApi", "WebApi.csproj", "{296A75AE-042F-4EBA-BFD4-050DB49E94EE}"
EndProject
Global
	GlobalSection(SolutionConfigurationPlatforms) = preSolution
		Debug|Any CPU = Debug|Any CPU
		Release|Any CPU = Release|Any CPU
	EndGlobalSection
	GlobalSection(ProjectConfigurationPlatforms) = postSolution
		{296A75AE-042F-4EBA-BFD4-050DB49E94EE}.Debug|Any CPU.ActiveCfg = Debug|Any CPU
		{296A75AE-042F-4EBA-BFD4-050DB49E94EE}.Debug|Any CPU.Build.0 = Debug|Any CPU
		{296A75AE-042F-4EBA-BFD4-050DB49E94EE}.Release|Any CPU.ActiveCfg = Release|Any CPU
		{296A75AE-042F-4EBA-BFD4-050DB49E94EE}.Release|Any CPU.Build.0 = Release|Any CPU
	EndGlobalSection
	GlobalSection(SolutionProperties) = preSolution
		HideSolutionNode = FALSE
	EndGlobalSection
	GlobalSection(ExtensibilityGlobals) = postSolution
		SolutionGuid = {E3FE65B4-F4AC-4D4C-B282-88DE85AA5673}
	EndGlobalSection
EndGlobal
